
Microsoft Visual Studio Solution File, Format Version 12.00
# Visual Studio 14
VisualStudioVersion = 14.0.23107.0
MinimumVisualStudioVersion = 10.0.40219.1
Project("{2150E333-8FDC-42A3-9474-1A3956D46DE8}") = "1. Presentation Layer", "1. Presentation Layer", "{5E30AA74-08C8-49C0-9CFF-8F32F62119AC}"
EndProject
Project("{2150E333-8FDC-42A3-9474-1A3956D46DE8}") = "2. Data Transfer Objects", "2. Data Transfer Objects", "{AB7D5CFC-EAED-49FE-8082-6F99A8D2DE60}"
EndProject
Project("{2150E333-8FDC-42A3-9474-1A3956D46DE8}") = "3. Business Logic Layer", "3. Business Logic Layer", "{0B18C0BA-930C-4C44-8EA4-5A920A6CC9F1}"
EndProject
Project("{2150E333-8FDC-42A3-9474-1A3956D46DE8}") = "4. Mappers", "4. Mappers", "{5110FB60-CB8B-4E40-9B62-DE698AF12B62}"
EndProject
Project("{2150E333-8FDC-42A3-9474-1A3956D46DE8}") = "5. Entities", "5. Entities", "{2BFA0934-84FC-4AC0-9D8B-8D23B5D20594}"
EndProject
Project("{2150E333-8FDC-42A3-9474-1A3956D46DE8}") = "6. Data Access Layer", "6. Data Access Layer", "{3320BC62-EC49-4DA4-86FF-ED2DB446F310}"
EndProject
Project("{2150E333-8FDC-42A3-9474-1A3956D46DE8}") = "7. Crosscutting", "7. Crosscutting", "{70F31BDD-6E53-4763-A18D-B4AAEB739E53}"
EndProject
Project("{FAE04EC0-301F-11D3-BF4B-00C04F79EFBC}") = "EYM.Presentation.Admin", "EYM.Presentation.Admin\EYM.Presentation.Admin.csproj", "{15DBDE32-CB02-40C9-B238-5D7EBE102080}"
EndProject
Project("{FAE04EC0-301F-11D3-BF4B-00C04F79EFBC}") = "EYM.DTO", "EYM.DTO\EYM.DTO.csproj", "{157399DD-E5D5-48B7-BABA-2C5B4F60F4F4}"
EndProject
Project("{FAE04EC0-301F-11D3-BF4B-00C04F79EFBC}") = "EYM.AppServices.Interfaces", "EYM.AppServices.Interfaces\EYM.AppServices.Interfaces.csproj", "{777760EA-E48E-493A-B1FF-62DDF95C8E79}"
EndProject
Project("{FAE04EC0-301F-11D3-BF4B-00C04F79EFBC}") = "EYM.AppServices", "EYM.AppServices\EYM.AppServices.csproj", "{70782D83-BA35-4B76-AB09-17FC447B6FEA}"
EndProject
Project("{FAE04EC0-301F-11D3-BF4B-00C04F79EFBC}") = "EYM.DBServices.Interfaces", "EYM.DBServices.Interfaces\EYM.DBServices.Interfaces.csproj", "{3E6BB10F-C30E-4D35-99F8-CEC1F1663908}"
EndProject
Project("{FAE04EC0-301F-11D3-BF4B-00C04F79EFBC}") = "EYM.DBServices", "EYM.DBServices\EYM.DBServices.csproj", "{0A02E559-D323-4D90-8B70-7C8C2B7ADF73}"
EndProject
Project("{FAE04EC0-301F-11D3-BF4B-00C04F79EFBC}") = "EYM.IntegrationServices.Interfaces", "EYM.IntegrationServices.Interfaces\EYM.IntegrationServices.Interfaces.csproj", "{9B4921C2-5FE5-4C41-A962-E4D9120FEC58}"
EndProject
Project("{FAE04EC0-301F-11D3-BF4B-00C04F79EFBC}") = "EYM.IntegrationServices", "EYM.IntegrationServices\EYM.IntegrationServices.csproj", "{6795F47F-C1E9-41E8-A242-0257D81346D0}"
EndProject
Project("{FAE04EC0-301F-11D3-BF4B-00C04F79EFBC}") = "EYM.Mappers", "EYM.Mappers\EYM.Mappers.csproj", "{C47066C7-4172-404F-B54B-5325A4E9BC21}"
EndProject
Project("{FAE04EC0-301F-11D3-BF4B-00C04F79EFBC}") = "EYM.Entities", "EYM.Entities\EYM.Entities.csproj", "{E9C810AB-DAA0-4C23-BA22-2ABD5AE5C68B}"
EndProject
Project("{FAE04EC0-301F-11D3-BF4B-00C04F79EFBC}") = "EYM.Mappers.Interfaces", "EYM.Mappers.Interfaces\EYM.Mappers.Interfaces.csproj", "{AF50CA8D-A12F-429A-9A39-23B7CEE5CBAC}"
EndProject
Project("{FAE04EC0-301F-11D3-BF4B-00C04F79EFBC}") = "EYM.Repositories.Interfaces", "EYM.Repositories.Interfaces\EYM.Repositories.Interfaces.csproj", "{1C233B21-793C-453E-94CD-068E51A20F99}"
EndProject
Project("{FAE04EC0-301F-11D3-BF4B-00C04F79EFBC}") = "EYM.EntityFramework", "EYM.EntityFramework\EYM.EntityFramework.csproj", "{04A54A04-CC65-4CAA-B943-A4D7F652CFE1}"
EndProject
Project("{FAE04EC0-301F-11D3-BF4B-00C04F79EFBC}") = "EYM.EntityFramework.Interfaces", "EYM.EntityFramework.Interfaces\EYM.EntityFramework.Interfaces.csproj", "{D06BFB10-9192-49F8-8240-AC2105DE6F2D}"
EndProject
Project("{FAE04EC0-301F-11D3-BF4B-00C04F79EFBC}") = "EYM.Utils", "EYM.Utils\EYM.Utils.csproj", "{E937CC45-0C33-4F9F-9D00-9C6B681D60A4}"
EndProject
Project("{FAE04EC0-301F-11D3-BF4B-00C04F79EFBC}") = "EYM.Logging", "EYM.Logging\EYM.Logging.csproj", "{214D7461-955C-420B-8D33-3F5BDCF2C8BD}"
EndProject
Project("{FAE04EC0-301F-11D3-BF4B-00C04F79EFBC}") = "EYM.Tests", "EYM.Tests\EYM.Tests.csproj", "{A2C7C712-23C1-4E6A-99DC-E9DC7FAD2FD6}"
EndProject
Project("{FAE04EC0-301F-11D3-BF4B-00C04F79EFBC}") = "EYM.Presentation.Public", "EYM.Presentation.Public\EYM.Presentation.Public.csproj", "{18223AD5-C194-453F-9869-8EA6649408DE}"
EndProject
Project("{FAE04EC0-301F-11D3-BF4B-00C04F79EFBC}") = "EYM.Logging.Interfaces", "EYM.Logging.Interfaces\EYM.Logging.Interfaces.csproj", "{19390D4F-482A-48CD-AB7C-7629921A6DD2}"
EndProject
Global
	GlobalSection(SolutionConfigurationPlatforms) = preSolution
		Debug|Any CPU = Debug|Any CPU
		Release|Any CPU = Release|Any CPU
	EndGlobalSection
	GlobalSection(ProjectConfigurationPlatforms) = postSolution
		{15DBDE32-CB02-40C9-B238-5D7EBE102080}.Debug|Any CPU.ActiveCfg = Debug|Any CPU
		{15DBDE32-CB02-40C9-B238-5D7EBE102080}.Debug|Any CPU.Build.0 = Debug|Any CPU
		{15DBDE32-CB02-40C9-B238-5D7EBE102080}.Release|Any CPU.ActiveCfg = Release|Any CPU
		{15DBDE32-CB02-40C9-B238-5D7EBE102080}.Release|Any CPU.Build.0 = Release|Any CPU
		{157399DD-E5D5-48B7-BABA-2C5B4F60F4F4}.Debug|Any CPU.ActiveCfg = Debug|Any CPU
		{157399DD-E5D5-48B7-BABA-2C5B4F60F4F4}.Debug|Any CPU.Build.0 = Debug|Any CPU
		{157399DD-E5D5-48B7-BABA-2C5B4F60F4F4}.Release|Any CPU.ActiveCfg = Release|Any CPU
		{157399DD-E5D5-48B7-BABA-2C5B4F60F4F4}.Release|Any CPU.Build.0 = Release|Any CPU
		{777760EA-E48E-493A-B1FF-62DDF95C8E79}.Debug|Any CPU.ActiveCfg = Debug|Any CPU
		{777760EA-E48E-493A-B1FF-62DDF95C8E79}.Debug|Any CPU.Build.0 = Debug|Any CPU
		{777760EA-E48E-493A-B1FF-62DDF95C8E79}.Release|Any CPU.ActiveCfg = Release|Any CPU
		{777760EA-E48E-493A-B1FF-62DDF95C8E79}.Release|Any CPU.Build.0 = Release|Any CPU
		{70782D83-BA35-4B76-AB09-17FC447B6FEA}.Debug|Any CPU.ActiveCfg = Debug|Any CPU
		{70782D83-BA35-4B76-AB09-17FC447B6FEA}.Debug|Any CPU.Build.0 = Debug|Any CPU
		{70782D83-BA35-4B76-AB09-17FC447B6FEA}.Release|Any CPU.ActiveCfg = Release|Any CPU
		{70782D83-BA35-4B76-AB09-17FC447B6FEA}.Release|Any CPU.Build.0 = Release|Any CPU
		{3E6BB10F-C30E-4D35-99F8-CEC1F1663908}.Debug|Any CPU.ActiveCfg = Debug|Any CPU
		{3E6BB10F-C30E-4D35-99F8-CEC1F1663908}.Debug|Any CPU.Build.0 = Debug|Any CPU
		{3E6BB10F-C30E-4D35-99F8-CEC1F1663908}.Release|Any CPU.ActiveCfg = Release|Any CPU
		{3E6BB10F-C30E-4D35-99F8-CEC1F1663908}.Release|Any CPU.Build.0 = Release|Any CPU
		{0A02E559-D323-4D90-8B70-7C8C2B7ADF73}.Debug|Any CPU.ActiveCfg = Debug|Any CPU
		{0A02E559-D323-4D90-8B70-7C8C2B7ADF73}.Debug|Any CPU.Build.0 = Debug|Any CPU
		{0A02E559-D323-4D90-8B70-7C8C2B7ADF73}.Release|Any CPU.ActiveCfg = Release|Any CPU
		{0A02E559-D323-4D90-8B70-7C8C2B7ADF73}.Release|Any CPU.Build.0 = Release|Any CPU
		{9B4921C2-5FE5-4C41-A962-E4D9120FEC58}.Debug|Any CPU.ActiveCfg = Debug|Any CPU
		{9B4921C2-5FE5-4C41-A962-E4D9120FEC58}.Debug|Any CPU.Build.0 = Debug|Any CPU
		{9B4921C2-5FE5-4C41-A962-E4D9120FEC58}.Release|Any CPU.ActiveCfg = Release|Any CPU
		{9B4921C2-5FE5-4C41-A962-E4D9120FEC58}.Release|Any CPU.Build.0 = Release|Any CPU
		{6795F47F-C1E9-41E8-A242-0257D81346D0}.Debug|Any CPU.ActiveCfg = Debug|Any CPU
		{6795F47F-C1E9-41E8-A242-0257D81346D0}.Debug|Any CPU.Build.0 = Debug|Any CPU
		{6795F47F-C1E9-41E8-A242-0257D81346D0}.Release|Any CPU.ActiveCfg = Release|Any CPU
		{6795F47F-C1E9-41E8-A242-0257D81346D0}.Release|Any CPU.Build.0 = Release|Any CPU
		{C47066C7-4172-404F-B54B-5325A4E9BC21}.Debug|Any CPU.ActiveCfg = Debug|Any CPU
		{C47066C7-4172-404F-B54B-5325A4E9BC21}.Debug|Any CPU.Build.0 = Debug|Any CPU
		{C47066C7-4172-404F-B54B-5325A4E9BC21}.Release|Any CPU.ActiveCfg = Release|Any CPU
		{C47066C7-4172-404F-B54B-5325A4E9BC21}.Release|Any CPU.Build.0 = Release|Any CPU
		{E9C810AB-DAA0-4C23-BA22-2ABD5AE5C68B}.Debug|Any CPU.ActiveCfg = Debug|Any CPU
		{E9C810AB-DAA0-4C23-BA22-2ABD5AE5C68B}.Debug|Any CPU.Build.0 = Debug|Any CPU
		{E9C810AB-DAA0-4C23-BA22-2ABD5AE5C68B}.Release|Any CPU.ActiveCfg = Release|Any CPU
		{E9C810AB-DAA0-4C23-BA22-2ABD5AE5C68B}.Release|Any CPU.Build.0 = Release|Any CPU
		{AF50CA8D-A12F-429A-9A39-23B7CEE5CBAC}.Debug|Any CPU.ActiveCfg = Debug|Any CPU
		{AF50CA8D-A12F-429A-9A39-23B7CEE5CBAC}.Debug|Any CPU.Build.0 = Debug|Any CPU
		{AF50CA8D-A12F-429A-9A39-23B7CEE5CBAC}.Release|Any CPU.ActiveCfg = Release|Any CPU
		{AF50CA8D-A12F-429A-9A39-23B7CEE5CBAC}.Release|Any CPU.Build.0 = Release|Any CPU
		{1C233B21-793C-453E-94CD-068E51A20F99}.Debug|Any CPU.ActiveCfg = Debug|Any CPU
		{1C233B21-793C-453E-94CD-068E51A20F99}.Debug|Any CPU.Build.0 = Debug|Any CPU
		{1C233B21-793C-453E-94CD-068E51A20F99}.Release|Any CPU.ActiveCfg = Release|Any CPU
		{1C233B21-793C-453E-94CD-068E51A20F99}.Release|Any CPU.Build.0 = Release|Any CPU
		{04A54A04-CC65-4CAA-B943-A4D7F652CFE1}.Debug|Any CPU.ActiveCfg = Debug|Any CPU
		{04A54A04-CC65-4CAA-B943-A4D7F652CFE1}.Debug|Any CPU.Build.0 = Debug|Any CPU
		{04A54A04-CC65-4CAA-B943-A4D7F652CFE1}.Release|Any CPU.ActiveCfg = Release|Any CPU
		{04A54A04-CC65-4CAA-B943-A4D7F652CFE1}.Release|Any CPU.Build.0 = Release|Any CPU
		{D06BFB10-9192-49F8-8240-AC2105DE6F2D}.Debug|Any CPU.ActiveCfg = Debug|Any CPU
		{D06BFB10-9192-49F8-8240-AC2105DE6F2D}.Debug|Any CPU.Build.0 = Debug|Any CPU
		{D06BFB10-9192-49F8-8240-AC2105DE6F2D}.Release|Any CPU.ActiveCfg = Release|Any CPU
		{D06BFB10-9192-49F8-8240-AC2105DE6F2D}.Release|Any CPU.Build.0 = Release|Any CPU
		{E937CC45-0C33-4F9F-9D00-9C6B681D60A4}.Debug|Any CPU.ActiveCfg = Debug|Any CPU
		{E937CC45-0C33-4F9F-9D00-9C6B681D60A4}.Debug|Any CPU.Build.0 = Debug|Any CPU
		{E937CC45-0C33-4F9F-9D00-9C6B681D60A4}.Release|Any CPU.ActiveCfg = Release|Any CPU
		{E937CC45-0C33-4F9F-9D00-9C6B681D60A4}.Release|Any CPU.Build.0 = Release|Any CPU
		{214D7461-955C-420B-8D33-3F5BDCF2C8BD}.Debug|Any CPU.ActiveCfg = Debug|Any CPU
		{214D7461-955C-420B-8D33-3F5BDCF2C8BD}.Debug|Any CPU.Build.0 = Debug|Any CPU
		{214D7461-955C-420B-8D33-3F5BDCF2C8BD}.Release|Any CPU.ActiveCfg = Release|Any CPU
		{214D7461-955C-420B-8D33-3F5BDCF2C8BD}.Release|Any CPU.Build.0 = Release|Any CPU
		{A2C7C712-23C1-4E6A-99DC-E9DC7FAD2FD6}.Debug|Any CPU.ActiveCfg = Debug|Any CPU
		{A2C7C712-23C1-4E6A-99DC-E9DC7FAD2FD6}.Debug|Any CPU.Build.0 = Debug|Any CPU
		{A2C7C712-23C1-4E6A-99DC-E9DC7FAD2FD6}.Release|Any CPU.ActiveCfg = Release|Any CPU
		{A2C7C712-23C1-4E6A-99DC-E9DC7FAD2FD6}.Release|Any CPU.Build.0 = Release|Any CPU
		{18223AD5-C194-453F-9869-8EA6649408DE}.Debug|Any CPU.ActiveCfg = Debug|Any CPU
		{18223AD5-C194-453F-9869-8EA6649408DE}.Debug|Any CPU.Build.0 = Debug|Any CPU
		{18223AD5-C194-453F-9869-8EA6649408DE}.Release|Any CPU.ActiveCfg = Release|Any CPU
		{18223AD5-C194-453F-9869-8EA6649408DE}.Release|Any CPU.Build.0 = Release|Any CPU
		{19390D4F-482A-48CD-AB7C-7629921A6DD2}.Debug|Any CPU.ActiveCfg = Debug|Any CPU
		{19390D4F-482A-48CD-AB7C-7629921A6DD2}.Debug|Any CPU.Build.0 = Debug|Any CPU
		{19390D4F-482A-48CD-AB7C-7629921A6DD2}.Release|Any CPU.ActiveCfg = Release|Any CPU
		{19390D4F-482A-48CD-AB7C-7629921A6DD2}.Release|Any CPU.Build.0 = Release|Any CPU
	EndGlobalSection
	GlobalSection(SolutionProperties) = preSolution
		HideSolutionNode = FALSE
	EndGlobalSection
	GlobalSection(NestedProjects) = preSolution
		{15DBDE32-CB02-40C9-B238-5D7EBE102080} = {5E30AA74-08C8-49C0-9CFF-8F32F62119AC}
		{157399DD-E5D5-48B7-BABA-2C5B4F60F4F4} = {AB7D5CFC-EAED-49FE-8082-6F99A8D2DE60}
		{777760EA-E48E-493A-B1FF-62DDF95C8E79} = {0B18C0BA-930C-4C44-8EA4-5A920A6CC9F1}
		{70782D83-BA35-4B76-AB09-17FC447B6FEA} = {0B18C0BA-930C-4C44-8EA4-5A920A6CC9F1}
		{3E6BB10F-C30E-4D35-99F8-CEC1F1663908} = {0B18C0BA-930C-4C44-8EA4-5A920A6CC9F1}
		{0A02E559-D323-4D90-8B70-7C8C2B7ADF73} = {0B18C0BA-930C-4C44-8EA4-5A920A6CC9F1}
		{9B4921C2-5FE5-4C41-A962-E4D9120FEC58} = {0B18C0BA-930C-4C44-8EA4-5A920A6CC9F1}
		{6795F47F-C1E9-41E8-A242-0257D81346D0} = {0B18C0BA-930C-4C44-8EA4-5A920A6CC9F1}
		{C47066C7-4172-404F-B54B-5325A4E9BC21} = {5110FB60-CB8B-4E40-9B62-DE698AF12B62}
		{E9C810AB-DAA0-4C23-BA22-2ABD5AE5C68B} = {2BFA0934-84FC-4AC0-9D8B-8D23B5D20594}
		{AF50CA8D-A12F-429A-9A39-23B7CEE5CBAC} = {5110FB60-CB8B-4E40-9B62-DE698AF12B62}
		{1C233B21-793C-453E-94CD-068E51A20F99} = {3320BC62-EC49-4DA4-86FF-ED2DB446F310}
		{04A54A04-CC65-4CAA-B943-A4D7F652CFE1} = {3320BC62-EC49-4DA4-86FF-ED2DB446F310}
		{D06BFB10-9192-49F8-8240-AC2105DE6F2D} = {3320BC62-EC49-4DA4-86FF-ED2DB446F310}
		{E937CC45-0C33-4F9F-9D00-9C6B681D60A4} = {70F31BDD-6E53-4763-A18D-B4AAEB739E53}
		{214D7461-955C-420B-8D33-3F5BDCF2C8BD} = {70F31BDD-6E53-4763-A18D-B4AAEB739E53}
		{A2C7C712-23C1-4E6A-99DC-E9DC7FAD2FD6} = {70F31BDD-6E53-4763-A18D-B4AAEB739E53}
		{18223AD5-C194-453F-9869-8EA6649408DE} = {5E30AA74-08C8-49C0-9CFF-8F32F62119AC}
		{19390D4F-482A-48CD-AB7C-7629921A6DD2} = {70F31BDD-6E53-4763-A18D-B4AAEB739E53}
	EndGlobalSection
EndGlobal
